
Microsoft Visual Studio Solution File, Format Version 12.00
# Visual Studio Version 17
VisualStudioVersion = 17.7.34031.279
MinimumVisualStudioVersion = 10.0.40219.1
Project("{FAE04EC0-301F-11D3-BF4B-00C04F79EFBC}") = "MagicVilla_API", "MagicVilla_API\MagicVilla_API.csproj", "{52D57078-7E2C-4395-AE01-FCD1A397ABCE}"
EndProject
Global
	GlobalSection(SolutionConfigurationPlatforms) = preSolution
		Debug|Any CPU = Debug|Any CPU
		Release|Any CPU = Release|Any CPU
	EndGlobalSection
	GlobalSection(ProjectConfigurationPlatforms) = postSolution
		{52D57078-7E2C-4395-AE01-FCD1A397ABCE}.Debug|Any CPU.ActiveCfg = Debug|Any CPU
		{52D57078-7E2C-4395-AE01-FCD1A397ABCE}.Debug|Any CPU.Build.0 = Debug|Any CPU
		{52D57078-7E2C-4395-AE01-FCD1A397ABCE}.Release|Any CPU.ActiveCfg = Release|Any CPU
		{52D57078-7E2C-4395-AE01-FCD1A397ABCE}.Release|Any CPU.Build.0 = Release|Any CPU
	EndGlobalSection
	GlobalSection(SolutionProperties) = preSolution
		HideSolutionNode = FALSE
	EndGlobalSection
	GlobalSection(ExtensibilityGlobals) = postSolution
		SolutionGuid = {B25C34B0-5D27-4940-B743-FA1F334F79D3}
	EndGlobalSection
EndGlobal
